// !$*UTF8*$!
{
	archiveVersion = 1;
	classes = {
	};
	objectVersion = 48;
	objects = {

/* Begin PBXBuildFile section */
		81D034481FCDF0D900453201 /* AppDelegate.swift in Sources */ = {isa = PBXBuildFile; fileRef = 81D034471FCDF0D900453201 /* AppDelegate.swift */; };
		81D0344A1FCDF0D900453201 /* UserViewController.swift in Sources */ = {isa = PBXBuildFile; fileRef = 81D034491FCDF0D900453201 /* UserViewController.swift */; };
		81D0344D1FCDF0D900453201 /* Main.storyboard in Resources */ = {isa = PBXBuildFile; fileRef = 81D0344B1FCDF0D900453201 /* Main.storyboard */; };
		81D0344F1FCDF0D900453201 /* Assets.xcassets in Resources */ = {isa = PBXBuildFile; fileRef = 81D0344E1FCDF0D900453201 /* Assets.xcassets */; };
		81D034521FCDF0D900453201 /* LaunchScreen.storyboard in Resources */ = {isa = PBXBuildFile; fileRef = 81D034501FCDF0D900453201 /* LaunchScreen.storyboard */; };
		81D0345D1FCDF0D900453201 /* LoadingImagesExercisesTests.swift in Sources */ = {isa = PBXBuildFile; fileRef = 81D0345C1FCDF0D900453201 /* LoadingImagesExercisesTests.swift */; };
		81D034681FCDF0D900453201 /* LoadingImagesExercisesUITests.swift in Sources */ = {isa = PBXBuildFile; fileRef = 81D034671FCDF0D900453201 /* LoadingImagesExercisesUITests.swift */; };
		81D034771FCDF1A200453201 /* User.swift in Sources */ = {isa = PBXBuildFile; fileRef = 81D034761FCDF1A200453201 /* User.swift */; };
		81D034791FCDF38900453201 /* UserAPIClient.swift in Sources */ = {isa = PBXBuildFile; fileRef = 81D034781FCDF38900453201 /* UserAPIClient.swift */; };
		81D0347C1FCDF57900453201 /* UserDetailViewController.swift in Sources */ = {isa = PBXBuildFile; fileRef = 81D0347B1FCDF57900453201 /* UserDetailViewController.swift */; };
		81D0347E1FCDF6C300453201 /* NetworkHelper.swift in Sources */ = {isa = PBXBuildFile; fileRef = 81D0347D1FCDF6C300453201 /* NetworkHelper.swift */; };
		81D034801FCDF6E900453201 /* AppError.swift in Sources */ = {isa = PBXBuildFile; fileRef = 81D0347F1FCDF6E900453201 /* AppError.swift */; };
		81D034821FCDFBD100453201 /* UserTableViewCell.swift in Sources */ = {isa = PBXBuildFile; fileRef = 81D034811FCDFBD100453201 /* UserTableViewCell.swift */; };
		81D034841FCE012200453201 /* ImageAPIClient.swift in Sources */ = {isa = PBXBuildFile; fileRef = 81D034831FCE012200453201 /* ImageAPIClient.swift */; };
		81D034871FCE0F2800453201 /* Comic.swift in Sources */ = {isa = PBXBuildFile; fileRef = 81D034861FCE0F2800453201 /* Comic.swift */; };
		81D034891FCE117D00453201 /* ComicViewController.swift in Sources */ = {isa = PBXBuildFile; fileRef = 81D034881FCE117D00453201 /* ComicViewController.swift */; };
/* End PBXBuildFile section */

/* Begin PBXContainerItemProxy section */
		81D034591FCDF0D900453201 /* PBXContainerItemProxy */ = {
			isa = PBXContainerItemProxy;
			containerPortal = 81D0343C1FCDF0D800453201 /* Project object */;
			proxyType = 1;
			remoteGlobalIDString = 81D034431FCDF0D900453201;
			remoteInfo = LoadingImagesExercises;
		};
		81D034641FCDF0D900453201 /* PBXContainerItemProxy */ = {
			isa = PBXContainerItemProxy;
			containerPortal = 81D0343C1FCDF0D800453201 /* Project object */;
			proxyType = 1;
			remoteGlobalIDString = 81D034431FCDF0D900453201;
			remoteInfo = LoadingImagesExercises;
		};
/* End PBXContainerItemProxy section */

/* Begin PBXFileReference section */
		81D034441FCDF0D900453201 /* LoadingImagesExercises.app */ = {isa = PBXFileReference; explicitFileType = wrapper.application; includeInIndex = 0; path = LoadingImagesExercises.app; sourceTree = BUILT_PRODUCTS_DIR; };
		81D034471FCDF0D900453201 /* AppDelegate.swift */ = {isa = PBXFileReference; lastKnownFileType = sourcecode.swift; path = AppDelegate.swift; sourceTree = "<group>"; };
		81D034491FCDF0D900453201 /* UserViewController.swift */ = {isa = PBXFileReference; lastKnownFileType = sourcecode.swift; path = UserViewController.swift; sourceTree = "<group>"; };
		81D0344C1FCDF0D900453201 /* Base */ = {isa = PBXFileReference; lastKnownFileType = file.storyboard; name = Base; path = Base.lproj/Main.storyboard; sourceTree = "<group>"; };
		81D0344E1FCDF0D900453201 /* Assets.xcassets */ = {isa = PBXFileReference; lastKnownFileType = folder.assetcatalog; path = Assets.xcassets; sourceTree = "<group>"; };
		81D034511FCDF0D900453201 /* Base */ = {isa = PBXFileReference; lastKnownFileType = file.storyboard; name = Base; path = Base.lproj/LaunchScreen.storyboard; sourceTree = "<group>"; };
		81D034531FCDF0D900453201 /* Info.plist */ = {isa = PBXFileReference; lastKnownFileType = text.plist.xml; path = Info.plist; sourceTree = "<group>"; };
		81D034581FCDF0D900453201 /* LoadingImagesExercisesTests.xctest */ = {isa = PBXFileReference; explicitFileType = wrapper.cfbundle; includeInIndex = 0; path = LoadingImagesExercisesTests.xctest; sourceTree = BUILT_PRODUCTS_DIR; };
		81D0345C1FCDF0D900453201 /* LoadingImagesExercisesTests.swift */ = {isa = PBXFileReference; lastKnownFileType = sourcecode.swift; path = LoadingImagesExercisesTests.swift; sourceTree = "<group>"; };
		81D0345E1FCDF0D900453201 /* Info.plist */ = {isa = PBXFileReference; lastKnownFileType = text.plist.xml; path = Info.plist; sourceTree = "<group>"; };
		81D034631FCDF0D900453201 /* LoadingImagesExercisesUITests.xctest */ = {isa = PBXFileReference; explicitFileType = wrapper.cfbundle; includeInIndex = 0; path = LoadingImagesExercisesUITests.xctest; sourceTree = BUILT_PRODUCTS_DIR; };
		81D034671FCDF0D900453201 /* LoadingImagesExercisesUITests.swift */ = {isa = PBXFileReference; lastKnownFileType = sourcecode.swift; path = LoadingImagesExercisesUITests.swift; sourceTree = "<group>"; };
		81D034691FCDF0D900453201 /* Info.plist */ = {isa = PBXFileReference; lastKnownFileType = text.plist.xml; path = Info.plist; sourceTree = "<group>"; };
		81D034761FCDF1A200453201 /* User.swift */ = {isa = PBXFileReference; lastKnownFileType = sourcecode.swift; path = User.swift; sourceTree = "<group>"; };
		81D034781FCDF38900453201 /* UserAPIClient.swift */ = {isa = PBXFileReference; lastKnownFileType = sourcecode.swift; path = UserAPIClient.swift; sourceTree = "<group>"; };
		81D0347B1FCDF57900453201 /* UserDetailViewController.swift */ = {isa = PBXFileReference; lastKnownFileType = sourcecode.swift; path = UserDetailViewController.swift; sourceTree = "<group>"; };
		81D0347D1FCDF6C300453201 /* NetworkHelper.swift */ = {isa = PBXFileReference; lastKnownFileType = sourcecode.swift; path = NetworkHelper.swift; sourceTree = "<group>"; };
		81D0347F1FCDF6E900453201 /* AppError.swift */ = {isa = PBXFileReference; lastKnownFileType = sourcecode.swift; path = AppError.swift; sourceTree = "<group>"; };
		81D034811FCDFBD100453201 /* UserTableViewCell.swift */ = {isa = PBXFileReference; lastKnownFileType = sourcecode.swift; path = UserTableViewCell.swift; sourceTree = "<group>"; };
		81D034831FCE012200453201 /* ImageAPIClient.swift */ = {isa = PBXFileReference; lastKnownFileType = sourcecode.swift; path = ImageAPIClient.swift; sourceTree = "<group>"; };
		81D034861FCE0F2800453201 /* Comic.swift */ = {isa = PBXFileReference; lastKnownFileType = sourcecode.swift; path = Comic.swift; sourceTree = "<group>"; };
		81D034881FCE117D00453201 /* ComicViewController.swift */ = {isa = PBXFileReference; lastKnownFileType = sourcecode.swift; path = ComicViewController.swift; sourceTree = "<group>"; };
/* End PBXFileReference section */

/* Begin PBXFrameworksBuildPhase section */
		81D034411FCDF0D900453201 /* Frameworks */ = {
			isa = PBXFrameworksBuildPhase;
			buildActionMask = 2147483647;
			files = (
			);
			runOnlyForDeploymentPostprocessing = 0;
		};
		81D034551FCDF0D900453201 /* Frameworks */ = {
			isa = PBXFrameworksBuildPhase;
			buildActionMask = 2147483647;
			files = (
			);
			runOnlyForDeploymentPostprocessing = 0;
		};
		81D034601FCDF0D900453201 /* Frameworks */ = {
			isa = PBXFrameworksBuildPhase;
			buildActionMask = 2147483647;
			files = (
			);
			runOnlyForDeploymentPostprocessing = 0;
		};
/* End PBXFrameworksBuildPhase section */

/* Begin PBXGroup section */
		81D0343B1FCDF0D800453201 = {
			isa = PBXGroup;
			children = (
				81D0347D1FCDF6C300453201 /* NetworkHelper.swift */,
				81D0347F1FCDF6E900453201 /* AppError.swift */,
				81D034461FCDF0D900453201 /* LoadingImagesExercises */,
				81D0345B1FCDF0D900453201 /* LoadingImagesExercisesTests */,
				81D034661FCDF0D900453201 /* LoadingImagesExercisesUITests */,
				81D034451FCDF0D900453201 /* Products */,
			);
			sourceTree = "<group>";
		};
		81D034451FCDF0D900453201 /* Products */ = {
			isa = PBXGroup;
			children = (
				81D034441FCDF0D900453201 /* LoadingImagesExercises.app */,
				81D034581FCDF0D900453201 /* LoadingImagesExercisesTests.xctest */,
				81D034631FCDF0D900453201 /* LoadingImagesExercisesUITests.xctest */,
			);
			name = Products;
			sourceTree = "<group>";
		};
		81D034461FCDF0D900453201 /* LoadingImagesExercises */ = {
			isa = PBXGroup;
			children = (
				81D034751FCDF0E500453201 /* Supporting Files */,
				81D0347A1FCDF38F00453201 /* Models */,
				81D034851FCE0BF100453201 /* ViewControllers */,
				81D0344B1FCDF0D900453201 /* Main.storyboard */,
				81D034531FCDF0D900453201 /* Info.plist */,
			);
			path = LoadingImagesExercises;
			sourceTree = "<group>";
		};
		81D0345B1FCDF0D900453201 /* LoadingImagesExercisesTests */ = {
			isa = PBXGroup;
			children = (
				81D0345C1FCDF0D900453201 /* LoadingImagesExercisesTests.swift */,
				81D0345E1FCDF0D900453201 /* Info.plist */,
			);
			path = LoadingImagesExercisesTests;
			sourceTree = "<group>";
		};
		81D034661FCDF0D900453201 /* LoadingImagesExercisesUITests */ = {
			isa = PBXGroup;
			children = (
				81D034671FCDF0D900453201 /* LoadingImagesExercisesUITests.swift */,
				81D034691FCDF0D900453201 /* Info.plist */,
			);
			path = LoadingImagesExercisesUITests;
			sourceTree = "<group>";
		};
		81D034751FCDF0E500453201 /* Supporting Files */ = {
			isa = PBXGroup;
			children = (
				81D034471FCDF0D900453201 /* AppDelegate.swift */,
				81D0344E1FCDF0D900453201 /* Assets.xcassets */,
				81D034501FCDF0D900453201 /* LaunchScreen.storyboard */,
			);
			path = "Supporting Files";
			sourceTree = "<group>";
		};
		81D0347A1FCDF38F00453201 /* Models */ = {
			isa = PBXGroup;
			children = (
				81D034761FCDF1A200453201 /* User.swift */,
				81D034781FCDF38900453201 /* UserAPIClient.swift */,
				81D034831FCE012200453201 /* ImageAPIClient.swift */,
				81D034861FCE0F2800453201 /* Comic.swift */,
			);
			path = Models;
			sourceTree = "<group>";
		};
		81D034851FCE0BF100453201 /* ViewControllers */ = {
			isa = PBXGroup;
			children = (
				81D034491FCDF0D900453201 /* UserViewController.swift */,
				81D0347B1FCDF57900453201 /* UserDetailViewController.swift */,
				81D034811FCDFBD100453201 /* UserTableViewCell.swift */,
				81D034881FCE117D00453201 /* ComicViewController.swift */,
			);
			path = ViewControllers;
			sourceTree = "<group>";
		};
/* End PBXGroup section */

/* Begin PBXNativeTarget section */
		81D034431FCDF0D900453201 /* LoadingImagesExercises */ = {
			isa = PBXNativeTarget;
			buildConfigurationList = 81D0346C1FCDF0D900453201 /* Build configuration list for PBXNativeTarget "LoadingImagesExercises" */;
			buildPhases = (
				81D034401FCDF0D900453201 /* Sources */,
				81D034411FCDF0D900453201 /* Frameworks */,
				81D034421FCDF0D900453201 /* Resources */,
			);
			buildRules = (
			);
			dependencies = (
			);
			name = LoadingImagesExercises;
			productName = LoadingImagesExercises;
			productReference = 81D034441FCDF0D900453201 /* LoadingImagesExercises.app */;
			productType = "com.apple.product-type.application";
		};
		81D034571FCDF0D900453201 /* LoadingImagesExercisesTests */ = {
			isa = PBXNativeTarget;
			buildConfigurationList = 81D0346F1FCDF0D900453201 /* Build configuration list for PBXNativeTarget "LoadingImagesExercisesTests" */;
			buildPhases = (
				81D034541FCDF0D900453201 /* Sources */,
				81D034551FCDF0D900453201 /* Frameworks */,
				81D034561FCDF0D900453201 /* Resources */,
			);
			buildRules = (
			);
			dependencies = (
				81D0345A1FCDF0D900453201 /* PBXTargetDependency */,
			);
			name = LoadingImagesExercisesTests;
			productName = LoadingImagesExercisesTests;
			productReference = 81D034581FCDF0D900453201 /* LoadingImagesExercisesTests.xctest */;
			productType = "com.apple.product-type.bundle.unit-test";
		};
		81D034621FCDF0D900453201 /* LoadingImagesExercisesUITests */ = {
			isa = PBXNativeTarget;
			buildConfigurationList = 81D034721FCDF0D900453201 /* Build configuration list for PBXNativeTarget "LoadingImagesExercisesUITests" */;
			buildPhases = (
				81D0345F1FCDF0D900453201 /* Sources */,
				81D034601FCDF0D900453201 /* Frameworks */,
				81D034611FCDF0D900453201 /* Resources */,
			);
			buildRules = (
			);
			dependencies = (
				81D034651FCDF0D900453201 /* PBXTargetDependency */,
			);
			name = LoadingImagesExercisesUITests;
			productName = LoadingImagesExercisesUITests;
			productReference = 81D034631FCDF0D900453201 /* LoadingImagesExercisesUITests.xctest */;
			productType = "com.apple.product-type.bundle.ui-testing";
		};
/* End PBXNativeTarget section */

/* Begin PBXProject section */
		81D0343C1FCDF0D800453201 /* Project object */ = {
			isa = PBXProject;
			attributes = {
				LastSwiftUpdateCheck = 0910;
				LastUpgradeCheck = 0910;
				ORGANIZATIONNAME = "raptrous solutions";
				TargetAttributes = {
					81D034431FCDF0D900453201 = {
						CreatedOnToolsVersion = 9.1;
						ProvisioningStyle = Automatic;
					};
					81D034571FCDF0D900453201 = {
						CreatedOnToolsVersion = 9.1;
						ProvisioningStyle = Automatic;
						TestTargetID = 81D034431FCDF0D900453201;
					};
					81D034621FCDF0D900453201 = {
						CreatedOnToolsVersion = 9.1;
						ProvisioningStyle = Automatic;
						TestTargetID = 81D034431FCDF0D900453201;
					};
				};
			};
			buildConfigurationList = 81D0343F1FCDF0D800453201 /* Build configuration list for PBXProject "LoadingImagesExercises" */;
			compatibilityVersion = "Xcode 8.0";
			developmentRegion = en;
			hasScannedForEncodings = 0;
			knownRegions = (
				en,
				Base,
			);
			mainGroup = 81D0343B1FCDF0D800453201;
			productRefGroup = 81D034451FCDF0D900453201 /* Products */;
			projectDirPath = "";
			projectRoot = "";
			targets = (
				81D034431FCDF0D900453201 /* LoadingImagesExercises */,
				81D034571FCDF0D900453201 /* LoadingImagesExercisesTests */,
				81D034621FCDF0D900453201 /* LoadingImagesExercisesUITests */,
			);
		};
/* End PBXProject section */

/* Begin PBXResourcesBuildPhase section */
		81D034421FCDF0D900453201 /* Resources */ = {
			isa = PBXResourcesBuildPhase;
			buildActionMask = 2147483647;
			files = (
				81D034521FCDF0D900453201 /* LaunchScreen.storyboard in Resources */,
				81D0344F1FCDF0D900453201 /* Assets.xcassets in Resources */,
				81D0344D1FCDF0D900453201 /* Main.storyboard in Resources */,
			);
			runOnlyForDeploymentPostprocessing = 0;
		};
		81D034561FCDF0D900453201 /* Resources */ = {
			isa = PBXResourcesBuildPhase;
			buildActionMask = 2147483647;
			files = (
			);
			runOnlyForDeploymentPostprocessing = 0;
		};
		81D034611FCDF0D900453201 /* Resources */ = {
			isa = PBXResourcesBuildPhase;
			buildActionMask = 2147483647;
			files = (
			);
			runOnlyForDeploymentPostprocessing = 0;
		};
/* End PBXResourcesBuildPhase section */

/* Begin PBXSourcesBuildPhase section */
		81D034401FCDF0D900453201 /* Sources */ = {
			isa = PBXSourcesBuildPhase;
			buildActionMask = 2147483647;
			files = (
				81D0344A1FCDF0D900453201 /* UserViewController.swift in Sources */,
				81D0347C1FCDF57900453201 /* UserDetailViewController.swift in Sources */,
				81D034481FCDF0D900453201 /* AppDelegate.swift in Sources */,
				81D034791FCDF38900453201 /* UserAPIClient.swift in Sources */,
				81D034821FCDFBD100453201 /* UserTableViewCell.swift in Sources */,
				81D034891FCE117D00453201 /* ComicViewController.swift in Sources */,
				81D0347E1FCDF6C300453201 /* NetworkHelper.swift in Sources */,
				81D034841FCE012200453201 /* ImageAPIClient.swift in Sources */,
				81D034871FCE0F2800453201 /* Comic.swift in Sources */,
				81D034771FCDF1A200453201 /* User.swift in Sources */,
				81D034801FCDF6E900453201 /* AppError.swift in Sources */,
			);
			runOnlyForDeploymentPostprocessing = 0;
		};
		81D034541FCDF0D900453201 /* Sources */ = {
			isa = PBXSourcesBuildPhase;
			buildActionMask = 2147483647;
			files = (
				81D0345D1FCDF0D900453201 /* LoadingImagesExercisesTests.swift in Sources */,
			);
			runOnlyForDeploymentPostprocessing = 0;
		};
		81D0345F1FCDF0D900453201 /* Sources */ = {
			isa = PBXSourcesBuildPhase;
			buildActionMask = 2147483647;
			files = (
				81D034681FCDF0D900453201 /* LoadingImagesExercisesUITests.swift in Sources */,
			);
			runOnlyForDeploymentPostprocessing = 0;
		};
/* End PBXSourcesBuildPhase section */

/* Begin PBXTargetDependency section */
		81D0345A1FCDF0D900453201 /* PBXTargetDependency */ = {
			isa = PBXTargetDependency;
			target = 81D034431FCDF0D900453201 /* LoadingImagesExercises */;
			targetProxy = 81D034591FCDF0D900453201 /* PBXContainerItemProxy */;
		};
		81D034651FCDF0D900453201 /* PBXTargetDependency */ = {
			isa = PBXTargetDependency;
			target = 81D034431FCDF0D900453201 /* LoadingImagesExercises */;
			targetProxy = 81D034641FCDF0D900453201 /* PBXContainerItemProxy */;
		};
/* End PBXTargetDependency section */

/* Begin PBXVariantGroup section */
		81D0344B1FCDF0D900453201 /* Main.storyboard */ = {
			isa = PBXVariantGroup;
			children = (
				81D0344C1FCDF0D900453201 /* Base */,
			);
			name = Main.storyboard;
			sourceTree = "<group>";
		};
		81D034501FCDF0D900453201 /* LaunchScreen.storyboard */ = {
			isa = PBXVariantGroup;
			children = (
				81D034511FCDF0D900453201 /* Base */,
			);
			name = LaunchScreen.storyboard;
			sourceTree = "<group>";
		};
/* End PBXVariantGroup section */

/* Begin XCBuildConfiguration section */
		81D0346A1FCDF0D900453201 /* Debug */ = {
			isa = XCBuildConfiguration;
			buildSettings = {
				ALWAYS_SEARCH_USER_PATHS = NO;
				CLANG_ANALYZER_NONNULL = YES;
				CLANG_ANALYZER_NUMBER_OBJECT_CONVERSION = YES_AGGRESSIVE;
				CLANG_CXX_LANGUAGE_STANDARD = "gnu++14";
				CLANG_CXX_LIBRARY = "libc++";
				CLANG_ENABLE_MODULES = YES;
				CLANG_ENABLE_OBJC_ARC = YES;
				CLANG_WARN_BLOCK_CAPTURE_AUTORELEASING = YES;
				CLANG_WARN_BOOL_CONVERSION = YES;
				CLANG_WARN_COMMA = YES;
				CLANG_WARN_CONSTANT_CONVERSION = YES;
				CLANG_WARN_DIRECT_OBJC_ISA_USAGE = YES_ERROR;
				CLANG_WARN_DOCUMENTATION_COMMENTS = YES;
				CLANG_WARN_EMPTY_BODY = YES;
				CLANG_WARN_ENUM_CONVERSION = YES;
				CLANG_WARN_INFINITE_RECURSION = YES;
				CLANG_WARN_INT_CONVERSION = YES;
				CLANG_WARN_NON_LITERAL_NULL_CONVERSION = YES;
				CLANG_WARN_OBJC_LITERAL_CONVERSION = YES;
				CLANG_WARN_OBJC_ROOT_CLASS = YES_ERROR;
				CLANG_WARN_RANGE_LOOP_ANALYSIS = YES;
				CLANG_WARN_STRICT_PROTOTYPES = YES;
				CLANG_WARN_SUSPICIOUS_MOVE = YES;
				CLANG_WARN_UNGUARDED_AVAILABILITY = YES_AGGRESSIVE;
				CLANG_WARN_UNREACHABLE_CODE = YES;
				CLANG_WARN__DUPLICATE_METHOD_MATCH = YES;
				CODE_SIGN_IDENTITY = "iPhone Developer";
				COPY_PHASE_STRIP = NO;
				DEBUG_INFORMATION_FORMAT = dwarf;
				ENABLE_STRICT_OBJC_MSGSEND = YES;
				ENABLE_TESTABILITY = YES;
				GCC_C_LANGUAGE_STANDARD = gnu11;
				GCC_DYNAMIC_NO_PIC = NO;
				GCC_NO_COMMON_BLOCKS = YES;
				GCC_OPTIMIZATION_LEVEL = 0;
				GCC_PREPROCESSOR_DEFINITIONS = (
					"DEBUG=1",
					"$(inherited)",
				);
				GCC_WARN_64_TO_32_BIT_CONVERSION = YES;
				GCC_WARN_ABOUT_RETURN_TYPE = YES_ERROR;
				GCC_WARN_UNDECLARED_SELECTOR = YES;
				GCC_WARN_UNINITIALIZED_AUTOS = YES_AGGRESSIVE;
				GCC_WARN_UNUSED_FUNCTION = YES;
				GCC_WARN_UNUSED_VARIABLE = YES;
				IPHONEOS_DEPLOYMENT_TARGET = 11.1;
				MTL_ENABLE_DEBUG_INFO = YES;
				ONLY_ACTIVE_ARCH = YES;
				SDKROOT = iphoneos;
				SWIFT_ACTIVE_COMPILATION_CONDITIONS = DEBUG;
				SWIFT_OPTIMIZATION_LEVEL = "-Onone";
			};
			name = Debug;
		};
		81D0346B1FCDF0D900453201 /* Release */ = {
			isa = XCBuildConfiguration;
			buildSettings = {
				ALWAYS_SEARCH_USER_PATHS = NO;
				CLANG_ANALYZER_NONNULL = YES;
				CLANG_ANALYZER_NUMBER_OBJECT_CONVERSION = YES_AGGRESSIVE;
				CLANG_CXX_LANGUAGE_STANDARD = "gnu++14";
				CLANG_CXX_LIBRARY = "libc++";
				CLANG_ENABLE_MODULES = YES;
				CLANG_ENABLE_OBJC_ARC = YES;
				CLANG_WARN_BLOCK_CAPTURE_AUTORELEASING = YES;
				CLANG_WARN_BOOL_CONVERSION = YES;
				CLANG_WARN_COMMA = YES;
				CLANG_WARN_CONSTANT_CONVERSION = YES;
				CLANG_WARN_DIRECT_OBJC_ISA_USAGE = YES_ERROR;
				CLANG_WARN_DOCUMENTATION_COMMENTS = YES;
				CLANG_WARN_EMPTY_BODY = YES;
				CLANG_WARN_ENUM_CONVERSION = YES;
				CLANG_WARN_INFINITE_RECURSION = YES;
				CLANG_WARN_INT_CONVERSION = YES;
				CLANG_WARN_NON_LITERAL_NULL_CONVERSION = YES;
				CLANG_WARN_OBJC_LITERAL_CONVERSION = YES;
				CLANG_WARN_OBJC_ROOT_CLASS = YES_ERROR;
				CLANG_WARN_RANGE_LOOP_ANALYSIS = YES;
				CLANG_WARN_STRICT_PROTOTYPES = YES;
				CLANG_WARN_SUSPICIOUS_MOVE = YES;
				CLANG_WARN_UNGUARDED_AVAILABILITY = YES_AGGRESSIVE;
				CLANG_WARN_UNREACHABLE_CODE = YES;
				CLANG_WARN__DUPLICATE_METHOD_MATCH = YES;
				CODE_SIGN_IDENTITY = "iPhone Developer";
				COPY_PHASE_STRIP = NO;
				DEBUG_INFORMATION_FORMAT = "dwarf-with-dsym";
				ENABLE_NS_ASSERTIONS = NO;
				ENABLE_STRICT_OBJC_MSGSEND = YES;
				GCC_C_LANGUAGE_STANDARD = gnu11;
				GCC_NO_COMMON_BLOCKS = YES;
				GCC_WARN_64_TO_32_BIT_CONVERSION = YES;
				GCC_WARN_ABOUT_RETURN_TYPE = YES_ERROR;
				GCC_WARN_UNDECLARED_SELECTOR = YES;
				GCC_WARN_UNINITIALIZED_AUTOS = YES_AGGRESSIVE;
				GCC_WARN_UNUSED_FUNCTION = YES;
				GCC_WARN_UNUSED_VARIABLE = YES;
				IPHONEOS_DEPLOYMENT_TARGET = 11.1;
				MTL_ENABLE_DEBUG_INFO = NO;
				SDKROOT = iphoneos;
				SWIFT_OPTIMIZATION_LEVEL = "-Owholemodule";
				VALIDATE_PRODUCT = YES;
			};
			name = Release;
		};
		81D0346D1FCDF0D900453201 /* Debug */ = {
			isa = XCBuildConfiguration;
			buildSettings = {
				ASSETCATALOG_COMPILER_APPICON_NAME = AppIcon;
				CODE_SIGN_STYLE = Automatic;
				INFOPLIST_FILE = LoadingImagesExercises/Info.plist;
				LD_RUNPATH_SEARCH_PATHS = "$(inherited) @executable_path/Frameworks";
				PRODUCT_BUNDLE_IDENTIFIER = raptroussolutions.LoadingImagesExercises;
				PRODUCT_NAME = "$(TARGET_NAME)";
				SWIFT_VERSION = 4.0;
				TARGETED_DEVICE_FAMILY = "1,2";
			};
			name = Debug;
		};
		81D0346E1FCDF0D900453201 /* Release */ = {
			isa = XCBuildConfiguration;
			buildSettings = {
				ASSETCATALOG_COMPILER_APPICON_NAME = AppIcon;
				CODE_SIGN_STYLE = Automatic;
				INFOPLIST_FILE = LoadingImagesExercises/Info.plist;
				LD_RUNPATH_SEARCH_PATHS = "$(inherited) @executable_path/Frameworks";
				PRODUCT_BUNDLE_IDENTIFIER = raptroussolutions.LoadingImagesExercises;
				PRODUCT_NAME = "$(TARGET_NAME)";
				SWIFT_VERSION = 4.0;
				TARGETED_DEVICE_FAMILY = "1,2";
			};
			name = Release;
		};
		81D034701FCDF0D900453201 /* Debug */ = {
			isa = XCBuildConfiguration;
			buildSettings = {
				ALWAYS_EMBED_SWIFT_STANDARD_LIBRARIES = YES;
				BUNDLE_LOADER = "$(TEST_HOST)";
				CODE_SIGN_STYLE = Automatic;
				INFOPLIST_FILE = LoadingImagesExercisesTests/Info.plist;
				LD_RUNPATH_SEARCH_PATHS = "$(inherited) @executable_path/Frameworks @loader_path/Frameworks";
				PRODUCT_BUNDLE_IDENTIFIER = raptroussolutions.LoadingImagesExercisesTests;
				PRODUCT_NAME = "$(TARGET_NAME)";
				SWIFT_VERSION = 4.0;
				TARGETED_DEVICE_FAMILY = "1,2";
				TEST_HOST = "$(BUILT_PRODUCTS_DIR)/LoadingImagesExercises.app/LoadingImagesExercises";
			};
			name = Debug;
		};
		81D034711FCDF0D900453201 /* Release */ = {
			isa = XCBuildConfiguration;
			buildSettings = {
				ALWAYS_EMBED_SWIFT_STANDARD_LIBRARIES = YES;
				BUNDLE_LOADER = "$(TEST_HOST)";
				CODE_SIGN_STYLE = Automatic;
				INFOPLIST_FILE = LoadingImagesExercisesTests/Info.plist;
				LD_RUNPATH_SEARCH_PATHS = "$(inherited) @executable_path/Frameworks @loader_path/Frameworks";
				PRODUCT_BUNDLE_IDENTIFIER = raptroussolutions.LoadingImagesExercisesTests;
				PRODUCT_NAME = "$(TARGET_NAME)";
				SWIFT_VERSION = 4.0;
				TARGETED_DEVICE_FAMILY = "1,2";
				TEST_HOST = "$(BUILT_PRODUCTS_DIR)/LoadingImagesExercises.app/LoadingImagesExercises";
			};
			name = Release;
		};
		81D034731FCDF0D900453201 /* Debug */ = {
			isa = XCBuildConfiguration;
			buildSettings = {
				ALWAYS_EMBED_SWIFT_STANDARD_LIBRARIES = YES;
				CODE_SIGN_STYLE = Automatic;
				INFOPLIST_FILE = LoadingImagesExercisesUITests/Info.plist;
				LD_RUNPATH_SEARCH_PATHS = "$(inherited) @executable_path/Frameworks @loader_path/Frameworks";
				PRODUCT_BUNDLE_IDENTIFIER = raptroussolutions.LoadingImagesExercisesUITests;
				PRODUCT_NAME = "$(TARGET_NAME)";
				SWIFT_VERSION = 4.0;
				TARGETED_DEVICE_FAMILY = "1,2";
				TEST_TARGET_NAME = LoadingImagesExercises;
			};
			name = Debug;
		};
		81D034741FCDF0D900453201 /* Release */ = {
			isa = XCBuildConfiguration;
			buildSettings = {
				ALWAYS_EMBED_SWIFT_STANDARD_LIBRARIES = YES;
				CODE_SIGN_STYLE = Automatic;
				INFOPLIST_FILE = LoadingImagesExercisesUITests/Info.plist;
				LD_RUNPATH_SEARCH_PATHS = "$(inherited) @executable_path/Frameworks @loader_path/Frameworks";
				PRODUCT_BUNDLE_IDENTIFIER = raptroussolutions.LoadingImagesExercisesUITests;
				PRODUCT_NAME = "$(TARGET_NAME)";
				SWIFT_VERSION = 4.0;
				TARGETED_DEVICE_FAMILY = "1,2";
				TEST_TARGET_NAME = LoadingImagesExercises;
			};
			name = Release;
		};
/* End XCBuildConfiguration section */

/* Begin XCConfigurationList section */
		81D0343F1FCDF0D800453201 /* Build configuration list for PBXProject "LoadingImagesExercises" */ = {
			isa = XCConfigurationList;
			buildConfigurations = (
				81D0346A1FCDF0D900453201 /* Debug */,
				81D0346B1FCDF0D900453201 /* Release */,
			);
			defaultConfigurationIsVisible = 0;
			defaultConfigurationName = Release;
		};
		81D0346C1FCDF0D900453201 /* Build configuration list for PBXNativeTarget "LoadingImagesExercises" */ = {
			isa = XCConfigurationList;
			buildConfigurations = (
				81D0346D1FCDF0D900453201 /* Debug */,
				81D0346E1FCDF0D900453201 /* Release */,
			);
			defaultConfigurationIsVisible = 0;
			defaultConfigurationName = Release;
		};
		81D0346F1FCDF0D900453201 /* Build configuration list for PBXNativeTarget "LoadingImagesExercisesTests" */ = {
			isa = XCConfigurationList;
			buildConfigurations = (
				81D034701FCDF0D900453201 /* Debug */,
				81D034711FCDF0D900453201 /* Release */,
			);
			defaultConfigurationIsVisible = 0;
			defaultConfigurationName = Release;
		};
		81D034721FCDF0D900453201 /* Build configuration list for PBXNativeTarget "LoadingImagesExercisesUITests" */ = {
			isa = XCConfigurationList;
			buildConfigurations = (
				81D034731FCDF0D900453201 /* Debug */,
				81D034741FCDF0D900453201 /* Release */,
			);
			defaultConfigurationIsVisible = 0;
			defaultConfigurationName = Release;
		};
/* End XCConfigurationList section */
	};
	rootObject = 81D0343C1FCDF0D800453201 /* Project object */;
}
